// !$*UTF8*$!
{
	archiveVersion = 1;
	classes = {
	};
	objectVersion = 46;
	objects = {

/* Begin PBXBuildFile section */
		7809333F196538E80008A654 /* Foundation.framework in Frameworks */ = {isa = PBXBuildFile; fileRef = 7809333E196538E80008A654 /* Foundation.framework */; };
		78093341196538E80008A654 /* CoreGraphics.framework in Frameworks */ = {isa = PBXBuildFile; fileRef = 78093340196538E80008A654 /* CoreGraphics.framework */; };
		78093343196538E80008A654 /* UIKit.framework in Frameworks */ = {isa = PBXBuildFile; fileRef = 78093342196538E80008A654 /* UIKit.framework */; };
		78093349196538E80008A654 /* InfoPlist.strings in Resources */ = {isa = PBXBuildFile; fileRef = 78093347196538E80008A654 /* InfoPlist.strings */; };
		7809334B196538E80008A654 /* main.m in Sources */ = {isa = PBXBuildFile; fileRef = 7809334A196538E80008A654 /* main.m */; };
		7809334F196538E80008A654 /* AppDelegate.m in Sources */ = {isa = PBXBuildFile; fileRef = 7809334E196538E80008A654 /* AppDelegate.m */; };
		78093352196538E80008A654 /* Main.storyboard in Resources */ = {isa = PBXBuildFile; fileRef = 78093350196538E80008A654 /* Main.storyboard */; };
		78093355196538E80008A654 /* ViewController.m in Sources */ = {isa = PBXBuildFile; fileRef = 78093354196538E80008A654 /* ViewController.m */; };
		78093357196538E80008A654 /* Images.xcassets in Resources */ = {isa = PBXBuildFile; fileRef = 78093356196538E80008A654 /* Images.xcassets */; };
		7809335E196538E80008A654 /* XCTest.framework in Frameworks */ = {isa = PBXBuildFile; fileRef = 7809335D196538E80008A654 /* XCTest.framework */; };
		7809335F196538E80008A654 /* Foundation.framework in Frameworks */ = {isa = PBXBuildFile; fileRef = 7809333E196538E80008A654 /* Foundation.framework */; };
		78093360196538E80008A654 /* UIKit.framework in Frameworks */ = {isa = PBXBuildFile; fileRef = 78093342196538E80008A654 /* UIKit.framework */; };
		78093368196538E80008A654 /* InfoPlist.strings in Resources */ = {isa = PBXBuildFile; fileRef = 78093366196538E80008A654 /* InfoPlist.strings */; };
		7809336A196538E80008A654 /* UncaughtExceptionTests.m in Sources */ = {isa = PBXBuildFile; fileRef = 78093369196538E80008A654 /* UncaughtExceptionTests.m */; };
/* End PBXBuildFile section */

/* Begin PBXContainerItemProxy section */
		78093361196538E80008A654 /* PBXContainerItemProxy */ = {
			isa = PBXContainerItemProxy;
			containerPortal = 78093333196538E80008A654 /* Project object */;
			proxyType = 1;
			remoteGlobalIDString = 7809333A196538E80008A654;
			remoteInfo = UncaughtException;
		};
/* End PBXContainerItemProxy section */

/* Begin PBXFileReference section */
		7809333B196538E80008A654 /* UncaughtException.app */ = {isa = PBXFileReference; explicitFileType = wrapper.application; includeInIndex = 0; path = UncaughtException.app; sourceTree = BUILT_PRODUCTS_DIR; };
		7809333E196538E80008A654 /* Foundation.framework */ = {isa = PBXFileReference; lastKnownFileType = wrapper.framework; name = Foundation.framework; path = System/Library/Frameworks/Foundation.framework; sourceTree = SDKROOT; };
		78093340196538E80008A654 /* CoreGraphics.framework */ = {isa = PBXFileReference; lastKnownFileType = wrapper.framework; name = CoreGraphics.framework; path = System/Library/Frameworks/CoreGraphics.framework; sourceTree = SDKROOT; };
		78093342196538E80008A654 /* UIKit.framework */ = {isa = PBXFileReference; lastKnownFileType = wrapper.framework; name = UIKit.framework; path = System/Library/Frameworks/UIKit.framework; sourceTree = SDKROOT; };
		78093346196538E80008A654 /* UncaughtException-Info.plist */ = {isa = PBXFileReference; lastKnownFileType = text.plist.xml; path = "UncaughtException-Info.plist"; sourceTree = "<group>"; };
		78093348196538E80008A654 /* en */ = {isa = PBXFileReference; lastKnownFileType = text.plist.strings; name = en; path = en.lproj/InfoPlist.strings; sourceTree = "<group>"; };
		7809334A196538E80008A654 /* main.m */ = {isa = PBXFileReference; lastKnownFileType = sourcecode.c.objc; path = main.m; sourceTree = "<group>"; };
		7809334C196538E80008A654 /* UncaughtException-Prefix.pch */ = {isa = PBXFileReference; lastKnownFileType = sourcecode.c.h; path = "UncaughtException-Prefix.pch"; sourceTree = "<group>"; };
		7809334D196538E80008A654 /* AppDelegate.h */ = {isa = PBXFileReference; lastKnownFileType = sourcecode.c.h; path = AppDelegate.h; sourceTree = "<group>"; };
		7809334E196538E80008A654 /* AppDelegate.m */ = {isa = PBXFileReference; lastKnownFileType = sourcecode.c.objc; path = AppDelegate.m; sourceTree = "<group>"; };
		78093351196538E80008A654 /* Base */ = {isa = PBXFileReference; lastKnownFileType = file.storyboard; name = Base; path = Base.lproj/Main.storyboard; sourceTree = "<group>"; };
		78093353196538E80008A654 /* ViewController.h */ = {isa = PBXFileReference; lastKnownFileType = sourcecode.c.h; path = ViewController.h; sourceTree = "<group>"; };
		78093354196538E80008A654 /* ViewController.m */ = {isa = PBXFileReference; lastKnownFileType = sourcecode.c.objc; path = ViewController.m; sourceTree = "<group>"; };
		78093356196538E80008A654 /* Images.xcassets */ = {isa = PBXFileReference; lastKnownFileType = folder.assetcatalog; path = Images.xcassets; sourceTree = "<group>"; };
		7809335C196538E80008A654 /* UncaughtExceptionTests.xctest */ = {isa = PBXFileReference; explicitFileType = wrapper.cfbundle; includeInIndex = 0; path = UncaughtExceptionTests.xctest; sourceTree = BUILT_PRODUCTS_DIR; };
		7809335D196538E80008A654 /* XCTest.framework */ = {isa = PBXFileReference; lastKnownFileType = wrapper.framework; name = XCTest.framework; path = Library/Frameworks/XCTest.framework; sourceTree = DEVELOPER_DIR; };
		78093365196538E80008A654 /* UncaughtExceptionTests-Info.plist */ = {isa = PBXFileReference; lastKnownFileType = text.plist.xml; path = "UncaughtExceptionTests-Info.plist"; sourceTree = "<group>"; };
		78093367196538E80008A654 /* en */ = {isa = PBXFileReference; lastKnownFileType = text.plist.strings; name = en; path = en.lproj/InfoPlist.strings; sourceTree = "<group>"; };
		78093369196538E80008A654 /* UncaughtExceptionTests.m */ = {isa = PBXFileReference; lastKnownFileType = sourcecode.c.objc; path = UncaughtExceptionTests.m; sourceTree = "<group>"; };
/* End PBXFileReference section */

/* Begin PBXFrameworksBuildPhase section */
		78093338196538E80008A654 /* Frameworks */ = {
			isa = PBXFrameworksBuildPhase;
			buildActionMask = 2147483647;
			files = (
				78093341196538E80008A654 /* CoreGraphics.framework in Frameworks */,
				78093343196538E80008A654 /* UIKit.framework in Frameworks */,
				7809333F196538E80008A654 /* Foundation.framework in Frameworks */,
			);
			runOnlyForDeploymentPostprocessing = 0;
		};
		78093359196538E80008A654 /* Frameworks */ = {
			isa = PBXFrameworksBuildPhase;
			buildActionMask = 2147483647;
			files = (
				7809335E196538E80008A654 /* XCTest.framework in Frameworks */,
				78093360196538E80008A654 /* UIKit.framework in Frameworks */,
				7809335F196538E80008A654 /* Foundation.framework in Frameworks */,
			);
			runOnlyForDeploymentPostprocessing = 0;
		};
/* End PBXFrameworksBuildPhase section */

/* Begin PBXGroup section */
		78093332196538E80008A654 = {
			isa = PBXGroup;
			children = (
				78093344196538E80008A654 /* UncaughtException */,
				78093363196538E80008A654 /* UncaughtExceptionTests */,
				7809333D196538E80008A654 /* Frameworks */,
				7809333C196538E80008A654 /* Products */,
			);
			sourceTree = "<group>";
		};
		7809333C196538E80008A654 /* Products */ = {
			isa = PBXGroup;
			children = (
				7809333B196538E80008A654 /* UncaughtException.app */,
				7809335C196538E80008A654 /* UncaughtExceptionTests.xctest */,
			);
			name = Products;
			sourceTree = "<group>";
		};
		7809333D196538E80008A654 /* Frameworks */ = {
			isa = PBXGroup;
			children = (
				7809333E196538E80008A654 /* Foundation.framework */,
				78093340196538E80008A654 /* CoreGraphics.framework */,
				78093342196538E80008A654 /* UIKit.framework */,
				7809335D196538E80008A654 /* XCTest.framework */,
			);
			name = Frameworks;
			sourceTree = "<group>";
		};
		78093344196538E80008A654 /* UncaughtException */ = {
			isa = PBXGroup;
			children = (
				7809334D196538E80008A654 /* AppDelegate.h */,
				7809334E196538E80008A654 /* AppDelegate.m */,
				78093350196538E80008A654 /* Main.storyboard */,
				78093353196538E80008A654 /* ViewController.h */,
				78093354196538E80008A654 /* ViewController.m */,
				78093356196538E80008A654 /* Images.xcassets */,
				78093345196538E80008A654 /* Supporting Files */,
			);
			path = UncaughtException;
			sourceTree = "<group>";
		};
		78093345196538E80008A654 /* Supporting Files */ = {
			isa = PBXGroup;
			children = (
				78093346196538E80008A654 /* UncaughtException-Info.plist */,
				78093347196538E80008A654 /* InfoPlist.strings */,
				7809334A196538E80008A654 /* main.m */,
				7809334C196538E80008A654 /* UncaughtException-Prefix.pch */,
			);
			name = "Supporting Files";
			sourceTree = "<group>";
		};
		78093363196538E80008A654 /* UncaughtExceptionTests */ = {
			isa = PBXGroup;
			children = (
				78093369196538E80008A654 /* UncaughtExceptionTests.m */,
				78093364196538E80008A654 /* Supporting Files */,
			);
			path = UncaughtExceptionTests;
			sourceTree = "<group>";
		};
		78093364196538E80008A654 /* Supporting Files */ = {
			isa = PBXGroup;
			children = (
				78093365196538E80008A654 /* UncaughtExceptionTests-Info.plist */,
				78093366196538E80008A654 /* InfoPlist.strings */,
			);
			name = "Supporting Files";
			sourceTree = "<group>";
		};
/* End PBXGroup section */

/* Begin PBXNativeTarget section */
		7809333A196538E80008A654 /* UncaughtException */ = {
			isa = PBXNativeTarget;
			buildConfigurationList = 7809336D196538E80008A654 /* Build configuration list for PBXNativeTarget "UncaughtException" */;
			buildPhases = (
				78093337196538E80008A654 /* Sources */,
				78093338196538E80008A654 /* Frameworks */,
				78093339196538E80008A654 /* Resources */,
			);
			buildRules = (
			);
			dependencies = (
			);
			name = UncaughtException;
			productName = UncaughtException;
			productReference = 7809333B196538E80008A654 /* UncaughtException.app */;
			productType = "com.apple.product-type.application";
		};
		7809335B196538E80008A654 /* UncaughtExceptionTests */ = {
			isa = PBXNativeTarget;
			buildConfigurationList = 78093370196538E80008A654 /* Build configuration list for PBXNativeTarget "UncaughtExceptionTests" */;
			buildPhases = (
				78093358196538E80008A654 /* Sources */,
				78093359196538E80008A654 /* Frameworks */,
				7809335A196538E80008A654 /* Resources */,
			);
			buildRules = (
			);
			dependencies = (
				78093362196538E80008A654 /* PBXTargetDependency */,
			);
			name = UncaughtExceptionTests;
			productName = UncaughtExceptionTests;
			productReference = 7809335C196538E80008A654 /* UncaughtExceptionTests.xctest */;
			productType = "com.apple.product-type.bundle.unit-test";
		};
/* End PBXNativeTarget section */

/* Begin PBXProject section */
		78093333196538E80008A654 /* Project object */ = {
			isa = PBXProject;
			attributes = {
				LastUpgradeCheck = 0500;
				ORGANIZATIONNAME = test;
				TargetAttributes = {
					7809335B196538E80008A654 = {
						TestTargetID = 7809333A196538E80008A654;
					};
				};
			};
			buildConfigurationList = 78093336196538E80008A654 /* Build configuration list for PBXProject "UncaughtException" */;
			compatibilityVersion = "Xcode 3.2";
			developmentRegion = English;
			hasScannedForEncodings = 0;
			knownRegions = (
				en,
				Base,
			);
			mainGroup = 78093332196538E80008A654;
			productRefGroup = 7809333C196538E80008A654 /* Products */;
			projectDirPath = "";
			projectRoot = "";
			targets = (
				7809333A196538E80008A654 /* UncaughtException */,
				7809335B196538E80008A654 /* UncaughtExceptionTests */,
			);
		};
/* End PBXProject section */

/* Begin PBXResourcesBuildPhase section */
		78093339196538E80008A654 /* Resources */ = {
			isa = PBXResourcesBuildPhase;
			buildActionMask = 2147483647;
			files = (
				78093357196538E80008A654 /* Images.xcassets in Resources */,
				78093349196538E80008A654 /* InfoPlist.strings in Resources */,
				78093352196538E80008A654 /* Main.storyboard in Resources */,
			);
			runOnlyForDeploymentPostprocessing = 0;
		};
		7809335A196538E80008A654 /* Resources */ = {
			isa = PBXResourcesBuildPhase;
			buildActionMask = 2147483647;
			files = (
				78093368196538E80008A654 /* InfoPlist.strings in Resources */,
			);
			runOnlyForDeploymentPostprocessing = 0;
		};
/* End PBXResourcesBuildPhase section */

/* Begin PBXSourcesBuildPhase section */
		78093337196538E80008A654 /* Sources */ = {
			isa = PBXSourcesBuildPhase;
			buildActionMask = 2147483647;
			files = (
				78093355196538E80008A654 /* ViewController.m in Sources */,
				7809334F196538E80008A654 /* AppDelegate.m in Sources */,
				7809334B196538E80008A654 /* main.m in Sources */,
			);
			runOnlyForDeploymentPostprocessing = 0;
		};
		78093358196538E80008A654 /* Sources */ = {
			isa = PBXSourcesBuildPhase;
			buildActionMask = 2147483647;
			files = (
				7809336A196538E80008A654 /* UncaughtExceptionTests.m in Sources */,
			);
			runOnlyForDeploymentPostprocessing = 0;
		};
/* End PBXSourcesBuildPhase section */

/* Begin PBXTargetDependency section */
		78093362196538E80008A654 /* PBXTargetDependency */ = {
			isa = PBXTargetDependency;
			target = 7809333A196538E80008A654 /* UncaughtException */;
			targetProxy = 78093361196538E80008A654 /* PBXContainerItemProxy */;
		};
/* End PBXTargetDependency section */

/* Begin PBXVariantGroup section */
		78093347196538E80008A654 /* InfoPlist.strings */ = {
			isa = PBXVariantGroup;
			children = (
				78093348196538E80008A654 /* en */,
			);
			name = InfoPlist.strings;
			sourceTree = "<group>";
		};
		78093350196538E80008A654 /* Main.storyboard */ = {
			isa = PBXVariantGroup;
			children = (
				78093351196538E80008A654 /* Base */,
			);
			name = Main.storyboard;
			sourceTree = "<group>";
		};
		78093366196538E80008A654 /* InfoPlist.strings */ = {
			isa = PBXVariantGroup;
			children = (
				78093367196538E80008A654 /* en */,
			);
			name = InfoPlist.strings;
			sourceTree = "<group>";
		};
/* End PBXVariantGroup section */

/* Begin XCBuildConfiguration section */
		7809336B196538E80008A654 /* Debug */ = {
			isa = XCBuildConfiguration;
			buildSettings = {
				ALWAYS_SEARCH_USER_PATHS = NO;
				ARCHS = "$(ARCHS_STANDARD_INCLUDING_64_BIT)";
				CLANG_CXX_LANGUAGE_STANDARD = "gnu++0x";
				CLANG_CXX_LIBRARY = "libc++";
				CLANG_ENABLE_MODULES = YES;
				CLANG_ENABLE_OBJC_ARC = YES;
				CLANG_WARN_BOOL_CONVERSION = YES;
				CLANG_WARN_CONSTANT_CONVERSION = YES;
				CLANG_WARN_DIRECT_OBJC_ISA_USAGE = YES_ERROR;
				CLANG_WARN_EMPTY_BODY = YES;
				CLANG_WARN_ENUM_CONVERSION = YES;
				CLANG_WARN_INT_CONVERSION = YES;
				CLANG_WARN_OBJC_ROOT_CLASS = YES_ERROR;
				CLANG_WARN__DUPLICATE_METHOD_MATCH = YES;
				"CODE_SIGN_IDENTITY[sdk=iphoneos*]" = "iPhone Developer";
				COPY_PHASE_STRIP = NO;
				GCC_C_LANGUAGE_STANDARD = gnu99;
				GCC_DYNAMIC_NO_PIC = NO;
				GCC_OPTIMIZATION_LEVEL = 0;
				GCC_PREPROCESSOR_DEFINITIONS = (
					"DEBUG=1",
					"$(inherited)",
				);
				GCC_SYMBOLS_PRIVATE_EXTERN = NO;
				GCC_WARN_64_TO_32_BIT_CONVERSION = YES;
				GCC_WARN_ABOUT_RETURN_TYPE = YES_ERROR;
				GCC_WARN_UNDECLARED_SELECTOR = YES;
				GCC_WARN_UNINITIALIZED_AUTOS = YES;
				GCC_WARN_UNUSED_FUNCTION = YES;
				GCC_WARN_UNUSED_VARIABLE = YES;
				IPHONEOS_DEPLOYMENT_TARGET = 7.0;
				ONLY_ACTIVE_ARCH = YES;
				SDKROOT = iphoneos;
			};
			name = Debug;
		};
		7809336C196538E80008A654 /* Release */ = {
			isa = XCBuildConfiguration;
			buildSettings = {
				ALWAYS_SEARCH_USER_PATHS = NO;
				ARCHS = "$(ARCHS_STANDARD_INCLUDING_64_BIT)";
				CLANG_CXX_LANGUAGE_STANDARD = "gnu++0x";
				CLANG_CXX_LIBRARY = "libc++";
				CLANG_ENABLE_MODULES = YES;
				CLANG_ENABLE_OBJC_ARC = YES;
				CLANG_WARN_BOOL_CONVERSION = YES;
				CLANG_WARN_CONSTANT_CONVERSION = YES;
				CLANG_WARN_DIRECT_OBJC_ISA_USAGE = YES_ERROR;
				CLANG_WARN_EMPTY_BODY = YES;
				CLANG_WARN_ENUM_CONVERSION = YES;
				CLANG_WARN_INT_CONVERSION = YES;
				CLANG_WARN_OBJC_ROOT_CLASS = YES_ERROR;
				CLANG_WARN__DUPLICATE_METHOD_MATCH = YES;
				"CODE_SIGN_IDENTITY[sdk=iphoneos*]" = "iPhone Developer";
				COPY_PHASE_STRIP = YES;
				ENABLE_NS_ASSERTIONS = NO;
				GCC_C_LANGUAGE_STANDARD = gnu99;
				GCC_WARN_64_TO_32_BIT_CONVERSION = YES;
				GCC_WARN_ABOUT_RETURN_TYPE = YES_ERROR;
				GCC_WARN_UNDECLARED_SELECTOR = YES;
				GCC_WARN_UNINITIALIZED_AUTOS = YES;
				GCC_WARN_UNUSED_FUNCTION = YES;
				GCC_WARN_UNUSED_VARIABLE = YES;
				IPHONEOS_DEPLOYMENT_TARGET = 7.0;
				SDKROOT = iphoneos;
				VALIDATE_PRODUCT = YES;
			};
			name = Release;
		};
		7809336E196538E80008A654 /* Debug */ = {
			isa = XCBuildConfiguration;
			buildSettings = {
				ASSETCATALOG_COMPILER_APPICON_NAME = AppIcon;
				ASSETCATALOG_COMPILER_LAUNCHIMAGE_NAME = LaunchImage;
				GCC_PRECOMPILE_PREFIX_HEADER = YES;
				GCC_PREFIX_HEADER = "UncaughtException/UncaughtException-Prefix.pch";
				INFOPLIST_FILE = "UncaughtException/UncaughtException-Info.plist";
				PRODUCT_NAME = "$(TARGET_NAME)";
				WRAPPER_EXTENSION = app;
			};
			name = Debug;
		};
		7809336F196538E80008A654 /* Release */ = {
			isa = XCBuildConfiguration;
			buildSettings = {
				ASSETCATALOG_COMPILER_APPICON_NAME = AppIcon;
				ASSETCATALOG_COMPILER_LAUNCHIMAGE_NAME = LaunchImage;
				GCC_PRECOMPILE_PREFIX_HEADER = YES;
				GCC_PREFIX_HEADER = "UncaughtException/UncaughtException-Prefix.pch";
				INFOPLIST_FILE = "UncaughtException/UncaughtException-Info.plist";
				PRODUCT_NAME = "$(TARGET_NAME)";
				WRAPPER_EXTENSION = app;
			};
			name = Release;
		};
		78093371196538E80008A654 /* Debug */ = {
			isa = XCBuildConfiguration;
			buildSettings = {
				ARCHS = "$(ARCHS_STANDARD_INCLUDING_64_BIT)";
				BUNDLE_LOADER = "$(BUILT_PRODUCTS_DIR)/UncaughtException.app/UncaughtException";
				FRAMEWORK_SEARCH_PATHS = (
					"$(SDKROOT)/Developer/Library/Frameworks",
					"$(inherited)",
					"$(DEVELOPER_FRAMEWORKS_DIR)",
				);
				GCC_PRECOMPILE_PREFIX_HEADER = YES;
				GCC_PREFIX_HEADER = "UncaughtException/UncaughtException-Prefix.pch";
				GCC_PREPROCESSOR_DEFINITIONS = (
					"DEBUG=1",
					"$(inherited)",
				);
				INFOPLIST_FILE = "UncaughtExceptionTests/UncaughtExceptionTests-Info.plist";
				PRODUCT_NAME = "$(TARGET_NAME)";
				TEST_HOST = "$(BUNDLE_LOADER)";
				WRAPPER_EXTENSION = xctest;
			};
			name = Debug;
		};
		78093372196538E80008A654 /* Release */ = {
			isa = XCBuildConfiguration;
			buildSettings = {
				ARCHS = "$(ARCHS_STANDARD_INCLUDING_64_BIT)";
				BUNDLE_LOADER = "$(BUILT_PRODUCTS_DIR)/UncaughtException.app/UncaughtException";
				FRAMEWORK_SEARCH_PATHS = (
					"$(SDKROOT)/Developer/Library/Frameworks",
					"$(inherited)",
					"$(DEVELOPER_FRAMEWORKS_DIR)",
				);
				GCC_PRECOMPILE_PREFIX_HEADER = YES;
				GCC_PREFIX_HEADER = "UncaughtException/UncaughtException-Prefix.pch";
				INFOPLIST_FILE = "UncaughtExceptionTests/UncaughtExceptionTests-Info.plist";
				PRODUCT_NAME = "$(TARGET_NAME)";
				TEST_HOST = "$(BUNDLE_LOADER)";
				WRAPPER_EXTENSION = xctest;
			};
			name = Release;
		};
/* End XCBuildConfiguration section */

/* Begin XCConfigurationList section */
		78093336196538E80008A654 /* Build configuration list for PBXProject "UncaughtException" */ = {
			isa = XCConfigurationList;
			buildConfigurations = (
				7809336B196538E80008A654 /* Debug */,
				7809336C196538E80008A654 /* Release */,
			);
			defaultConfigurationIsVisible = 0;
			defaultConfigurationName = Release;
		};
		7809336D196538E80008A654 /* Build configuration list for PBXNativeTarget "UncaughtException" */ = {
			isa = XCConfigurationList;
			buildConfigurations = (
				7809336E196538E80008A654 /* Debug */,
				7809336F196538E80008A654 /* Release */,
			);
			defaultConfigurationIsVisible = 0;
		};
		78093370196538E80008A654 /* Build configuration list for PBXNativeTarget "UncaughtExceptionTests" */ = {
			isa = XCConfigurationList;
			buildConfigurations = (
				78093371196538E80008A654 /* Debug */,
				78093372196538E80008A654 /* Release */,
			);
			defaultConfigurationIsVisible = 0;
		};
/* End XCConfigurationList section */
	};
	rootObject = 78093333196538E80008A654 /* Project object */;
}
